// !$*UTF8*$!
{
	archiveVersion = 1;
	classes = {
	};
	objectVersion = 46;
	objects = {

/* Begin PBXBuildFile section */
		A57EDF911C60DCB500C03774 /* AppDelegate.swift in Sources */ = {isa = PBXBuildFile; fileRef = A57EDF901C60DCB500C03774 /* AppDelegate.swift */; };
		A57EDF931C60DCB500C03774 /* ViewController.swift in Sources */ = {isa = PBXBuildFile; fileRef = A57EDF921C60DCB500C03774 /* ViewController.swift */; };
		A57EDF961C60DCB500C03774 /* Main.storyboard in Resources */ = {isa = PBXBuildFile; fileRef = A57EDF941C60DCB500C03774 /* Main.storyboard */; };
		A57EDF981C60DCB500C03774 /* Assets.xcassets in Resources */ = {isa = PBXBuildFile; fileRef = A57EDF971C60DCB500C03774 /* Assets.xcassets */; };
		A57EDF9B1C60DCB500C03774 /* LaunchScreen.storyboard in Resources */ = {isa = PBXBuildFile; fileRef = A57EDF991C60DCB500C03774 /* LaunchScreen.storyboard */; };
		A57EDFA61C60DCB500C03774 /* CelebrityTests.swift in Sources */ = {isa = PBXBuildFile; fileRef = A57EDFA51C60DCB500C03774 /* CelebrityTests.swift */; };
		A57EDFB11C60DCB500C03774 /* CelebrityUITests.swift in Sources */ = {isa = PBXBuildFile; fileRef = A57EDFB01C60DCB500C03774 /* CelebrityUITests.swift */; };
/* End PBXBuildFile section */

/* Begin PBXContainerItemProxy section */
		A57EDFA21C60DCB500C03774 /* PBXContainerItemProxy */ = {
			isa = PBXContainerItemProxy;
			containerPortal = A57EDF851C60DCB500C03774 /* Project object */;
			proxyType = 1;
			remoteGlobalIDString = A57EDF8C1C60DCB500C03774;
			remoteInfo = Celebrity;
		};
		A57EDFAD1C60DCB500C03774 /* PBXContainerItemProxy */ = {
			isa = PBXContainerItemProxy;
			containerPortal = A57EDF851C60DCB500C03774 /* Project object */;
			proxyType = 1;
			remoteGlobalIDString = A57EDF8C1C60DCB500C03774;
			remoteInfo = Celebrity;
		};
/* End PBXContainerItemProxy section */

/* Begin PBXFileReference section */
		A57EDF8D1C60DCB500C03774 /* Celebrity.app */ = {isa = PBXFileReference; explicitFileType = wrapper.application; includeInIndex = 0; path = Celebrity.app; sourceTree = BUILT_PRODUCTS_DIR; };
		A57EDF901C60DCB500C03774 /* AppDelegate.swift */ = {isa = PBXFileReference; lastKnownFileType = sourcecode.swift; path = AppDelegate.swift; sourceTree = "<group>"; };
		A57EDF921C60DCB500C03774 /* ViewController.swift */ = {isa = PBXFileReference; lastKnownFileType = sourcecode.swift; path = ViewController.swift; sourceTree = "<group>"; };
		A57EDF951C60DCB500C03774 /* Base */ = {isa = PBXFileReference; lastKnownFileType = file.storyboard; name = Base; path = Base.lproj/Main.storyboard; sourceTree = "<group>"; };
		A57EDF971C60DCB500C03774 /* Assets.xcassets */ = {isa = PBXFileReference; lastKnownFileType = folder.assetcatalog; path = Assets.xcassets; sourceTree = "<group>"; };
		A57EDF9A1C60DCB500C03774 /* Base */ = {isa = PBXFileReference; lastKnownFileType = file.storyboard; name = Base; path = Base.lproj/LaunchScreen.storyboard; sourceTree = "<group>"; };
		A57EDF9C1C60DCB500C03774 /* Info.plist */ = {isa = PBXFileReference; lastKnownFileType = text.plist.xml; path = Info.plist; sourceTree = "<group>"; };
		A57EDFA11C60DCB500C03774 /* CelebrityTests.xctest */ = {isa = PBXFileReference; explicitFileType = wrapper.cfbundle; includeInIndex = 0; path = CelebrityTests.xctest; sourceTree = BUILT_PRODUCTS_DIR; };
		A57EDFA51C60DCB500C03774 /* CelebrityTests.swift */ = {isa = PBXFileReference; lastKnownFileType = sourcecode.swift; path = CelebrityTests.swift; sourceTree = "<group>"; };
		A57EDFA71C60DCB500C03774 /* Info.plist */ = {isa = PBXFileReference; lastKnownFileType = text.plist.xml; path = Info.plist; sourceTree = "<group>"; };
		A57EDFAC1C60DCB500C03774 /* CelebrityUITests.xctest */ = {isa = PBXFileReference; explicitFileType = wrapper.cfbundle; includeInIndex = 0; path = CelebrityUITests.xctest; sourceTree = BUILT_PRODUCTS_DIR; };
		A57EDFB01C60DCB500C03774 /* CelebrityUITests.swift */ = {isa = PBXFileReference; lastKnownFileType = sourcecode.swift; path = CelebrityUITests.swift; sourceTree = "<group>"; };
		A57EDFB21C60DCB500C03774 /* Info.plist */ = {isa = PBXFileReference; lastKnownFileType = text.plist.xml; path = Info.plist; sourceTree = "<group>"; };
/* End PBXFileReference section */

/* Begin PBXFrameworksBuildPhase section */
		A57EDF8A1C60DCB500C03774 /* Frameworks */ = {
			isa = PBXFrameworksBuildPhase;
			buildActionMask = 2147483647;
			files = (
			);
			runOnlyForDeploymentPostprocessing = 0;
		};
		A57EDF9E1C60DCB500C03774 /* Frameworks */ = {
			isa = PBXFrameworksBuildPhase;
			buildActionMask = 2147483647;
			files = (
			);
			runOnlyForDeploymentPostprocessing = 0;
		};
		A57EDFA91C60DCB500C03774 /* Frameworks */ = {
			isa = PBXFrameworksBuildPhase;
			buildActionMask = 2147483647;
			files = (
			);
			runOnlyForDeploymentPostprocessing = 0;
		};
/* End PBXFrameworksBuildPhase section */

/* Begin PBXGroup section */
		A57EDF841C60DCB500C03774 = {
			isa = PBXGroup;
			children = (
				A57EDF8F1C60DCB500C03774 /* Celebrity */,
				A57EDFA41C60DCB500C03774 /* CelebrityTests */,
				A57EDFAF1C60DCB500C03774 /* CelebrityUITests */,
				A57EDF8E1C60DCB500C03774 /* Products */,
			);
			sourceTree = "<group>";
		};
		A57EDF8E1C60DCB500C03774 /* Products */ = {
			isa = PBXGroup;
			children = (
				A57EDF8D1C60DCB500C03774 /* Celebrity.app */,
				A57EDFA11C60DCB500C03774 /* CelebrityTests.xctest */,
				A57EDFAC1C60DCB500C03774 /* CelebrityUITests.xctest */,
			);
			name = Products;
			sourceTree = "<group>";
		};
		A57EDF8F1C60DCB500C03774 /* Celebrity */ = {
			isa = PBXGroup;
			children = (
				A57EDF901C60DCB500C03774 /* AppDelegate.swift */,
				A57EDF921C60DCB500C03774 /* ViewController.swift */,
				A57EDF941C60DCB500C03774 /* Main.storyboard */,
				A57EDF971C60DCB500C03774 /* Assets.xcassets */,
				A57EDF991C60DCB500C03774 /* LaunchScreen.storyboard */,
				A57EDF9C1C60DCB500C03774 /* Info.plist */,
			);
			path = Celebrity;
			sourceTree = "<group>";
		};
		A57EDFA41C60DCB500C03774 /* CelebrityTests */ = {
			isa = PBXGroup;
			children = (
				A57EDFA51C60DCB500C03774 /* CelebrityTests.swift */,
				A57EDFA71C60DCB500C03774 /* Info.plist */,
			);
			path = CelebrityTests;
			sourceTree = "<group>";
		};
		A57EDFAF1C60DCB500C03774 /* CelebrityUITests */ = {
			isa = PBXGroup;
			children = (
				A57EDFB01C60DCB500C03774 /* CelebrityUITests.swift */,
				A57EDFB21C60DCB500C03774 /* Info.plist */,
			);
			path = CelebrityUITests;
			sourceTree = "<group>";
		};
/* End PBXGroup section */

/* Begin PBXNativeTarget section */
		A57EDF8C1C60DCB500C03774 /* Celebrity */ = {
			isa = PBXNativeTarget;
			buildConfigurationList = A57EDFB51C60DCB500C03774 /* Build configuration list for PBXNativeTarget "Celebrity" */;
			buildPhases = (
				A57EDF891C60DCB500C03774 /* Sources */,
				A57EDF8A1C60DCB500C03774 /* Frameworks */,
				A57EDF8B1C60DCB500C03774 /* Resources */,
			);
			buildRules = (
			);
			dependencies = (
			);
			name = Celebrity;
			productName = Celebrity;
			productReference = A57EDF8D1C60DCB500C03774 /* Celebrity.app */;
			productType = "com.apple.product-type.application";
		};
		A57EDFA01C60DCB500C03774 /* CelebrityTests */ = {
			isa = PBXNativeTarget;
			buildConfigurationList = A57EDFB81C60DCB500C03774 /* Build configuration list for PBXNativeTarget "CelebrityTests" */;
			buildPhases = (
				A57EDF9D1C60DCB500C03774 /* Sources */,
				A57EDF9E1C60DCB500C03774 /* Frameworks */,
				A57EDF9F1C60DCB500C03774 /* Resources */,
			);
			buildRules = (
			);
			dependencies = (
				A57EDFA31C60DCB500C03774 /* PBXTargetDependency */,
			);
			name = CelebrityTests;
			productName = CelebrityTests;
			productReference = A57EDFA11C60DCB500C03774 /* CelebrityTests.xctest */;
			productType = "com.apple.product-type.bundle.unit-test";
		};
		A57EDFAB1C60DCB500C03774 /* CelebrityUITests */ = {
			isa = PBXNativeTarget;
			buildConfigurationList = A57EDFBB1C60DCB500C03774 /* Build configuration list for PBXNativeTarget "CelebrityUITests" */;
			buildPhases = (
				A57EDFA81C60DCB500C03774 /* Sources */,
				A57EDFA91C60DCB500C03774 /* Frameworks */,
				A57EDFAA1C60DCB500C03774 /* Resources */,
			);
			buildRules = (
			);
			dependencies = (
				A57EDFAE1C60DCB500C03774 /* PBXTargetDependency */,
			);
			name = CelebrityUITests;
			productName = CelebrityUITests;
			productReference = A57EDFAC1C60DCB500C03774 /* CelebrityUITests.xctest */;
			productType = "com.apple.product-type.bundle.ui-testing";
		};
/* End PBXNativeTarget section */

/* Begin PBXProject section */
		A57EDF851C60DCB500C03774 /* Project object */ = {
			isa = PBXProject;
			attributes = {
				LastUpgradeCheck = 0700;
				ORGANIZATIONNAME = "Winna Bridgewater";
				TargetAttributes = {
					A57EDF8C1C60DCB500C03774 = {
						CreatedOnToolsVersion = 7.0.1;
					};
					A57EDFA01C60DCB500C03774 = {
						CreatedOnToolsVersion = 7.0.1;
						TestTargetID = A57EDF8C1C60DCB500C03774;
					};
					A57EDFAB1C60DCB500C03774 = {
						CreatedOnToolsVersion = 7.0.1;
						TestTargetID = A57EDF8C1C60DCB500C03774;
					};
				};
			};
			buildConfigurationList = A57EDF881C60DCB500C03774 /* Build configuration list for PBXProject "Celebrity" */;
			compatibilityVersion = "Xcode 3.2";
			developmentRegion = English;
			hasScannedForEncodings = 0;
			knownRegions = (
				en,
				Base,
			);
			mainGroup = A57EDF841C60DCB500C03774;
			productRefGroup = A57EDF8E1C60DCB500C03774 /* Products */;
			projectDirPath = "";
			projectRoot = "";
			targets = (
				A57EDF8C1C60DCB500C03774 /* Celebrity */,
				A57EDFA01C60DCB500C03774 /* CelebrityTests */,
				A57EDFAB1C60DCB500C03774 /* CelebrityUITests */,
			);
		};
/* End PBXProject section */

/* Begin PBXResourcesBuildPhase section */
		A57EDF8B1C60DCB500C03774 /* Resources */ = {
			isa = PBXResourcesBuildPhase;
			buildActionMask = 2147483647;
			files = (
				A57EDF9B1C60DCB500C03774 /* LaunchScreen.storyboard in Resources */,
				A57EDF981C60DCB500C03774 /* Assets.xcassets in Resources */,
				A57EDF961C60DCB500C03774 /* Main.storyboard in Resources */,
			);
			runOnlyForDeploymentPostprocessing = 0;
		};
		A57EDF9F1C60DCB500C03774 /* Resources */ = {
			isa = PBXResourcesBuildPhase;
			buildActionMask = 2147483647;
			files = (
			);
			runOnlyForDeploymentPostprocessing = 0;
		};
		A57EDFAA1C60DCB500C03774 /* Resources */ = {
			isa = PBXResourcesBuildPhase;
			buildActionMask = 2147483647;
			files = (
			);
			runOnlyForDeploymentPostprocessing = 0;
		};
/* End PBXResourcesBuildPhase section */

/* Begin PBXSourcesBuildPhase section */
		A57EDF891C60DCB500C03774 /* Sources */ = {
			isa = PBXSourcesBuildPhase;
			buildActionMask = 2147483647;
			files = (
				A57EDF931C60DCB500C03774 /* ViewController.swift in Sources */,
				A57EDF911C60DCB500C03774 /* AppDelegate.swift in Sources */,
			);
			runOnlyForDeploymentPostprocessing = 0;
		};
		A57EDF9D1C60DCB500C03774 /* Sources */ = {
			isa = PBXSourcesBuildPhase;
			buildActionMask = 2147483647;
			files = (
				A57EDFA61C60DCB500C03774 /* CelebrityTests.swift in Sources */,
			);
			runOnlyForDeploymentPostprocessing = 0;
		};
		A57EDFA81C60DCB500C03774 /* Sources */ = {
			isa = PBXSourcesBuildPhase;
			buildActionMask = 2147483647;
			files = (
				A57EDFB11C60DCB500C03774 /* CelebrityUITests.swift in Sources */,
			);
			runOnlyForDeploymentPostprocessing = 0;
		};
/* End PBXSourcesBuildPhase section */

/* Begin PBXTargetDependency section */
		A57EDFA31C60DCB500C03774 /* PBXTargetDependency */ = {
			isa = PBXTargetDependency;
			target = A57EDF8C1C60DCB500C03774 /* Celebrity */;
			targetProxy = A57EDFA21C60DCB500C03774 /* PBXContainerItemProxy */;
		};
		A57EDFAE1C60DCB500C03774 /* PBXTargetDependency */ = {
			isa = PBXTargetDependency;
			target = A57EDF8C1C60DCB500C03774 /* Celebrity */;
			targetProxy = A57EDFAD1C60DCB500C03774 /* PBXContainerItemProxy */;
		};
/* End PBXTargetDependency section */

/* Begin PBXVariantGroup section */
		A57EDF941C60DCB500C03774 /* Main.storyboard */ = {
			isa = PBXVariantGroup;
			children = (
				A57EDF951C60DCB500C03774 /* Base */,
			);
			name = Main.storyboard;
			sourceTree = "<group>";
		};
		A57EDF991C60DCB500C03774 /* LaunchScreen.storyboard */ = {
			isa = PBXVariantGroup;
			children = (
				A57EDF9A1C60DCB500C03774 /* Base */,
			);
			name = LaunchScreen.storyboard;
			sourceTree = "<group>";
		};
/* End PBXVariantGroup section */

/* Begin XCBuildConfiguration section */
		A57EDFB31C60DCB500C03774 /* Debug */ = {
			isa = XCBuildConfiguration;
			buildSettings = {
				ALWAYS_SEARCH_USER_PATHS = NO;
				CLANG_CXX_LANGUAGE_STANDARD = "gnu++0x";
				CLANG_CXX_LIBRARY = "libc++";
				CLANG_ENABLE_MODULES = YES;
				CLANG_ENABLE_OBJC_ARC = YES;
				CLANG_WARN_BOOL_CONVERSION = YES;
				CLANG_WARN_CONSTANT_CONVERSION = YES;
				CLANG_WARN_DIRECT_OBJC_ISA_USAGE = YES_ERROR;
				CLANG_WARN_EMPTY_BODY = YES;
				CLANG_WARN_ENUM_CONVERSION = YES;
				CLANG_WARN_INT_CONVERSION = YES;
				CLANG_WARN_OBJC_ROOT_CLASS = YES_ERROR;
				CLANG_WARN_UNREACHABLE_CODE = YES;
				CLANG_WARN__DUPLICATE_METHOD_MATCH = YES;
				"CODE_SIGN_IDENTITY[sdk=iphoneos*]" = "iPhone Developer";
				COPY_PHASE_STRIP = NO;
				DEBUG_INFORMATION_FORMAT = dwarf;
				ENABLE_STRICT_OBJC_MSGSEND = YES;
				ENABLE_TESTABILITY = YES;
				GCC_C_LANGUAGE_STANDARD = gnu99;
				GCC_DYNAMIC_NO_PIC = NO;
				GCC_NO_COMMON_BLOCKS = YES;
				GCC_OPTIMIZATION_LEVEL = 0;
				GCC_PREPROCESSOR_DEFINITIONS = (
					"DEBUG=1",
					"$(inherited)",
				);
				GCC_WARN_64_TO_32_BIT_CONVERSION = YES;
				GCC_WARN_ABOUT_RETURN_TYPE = YES_ERROR;
				GCC_WARN_UNDECLARED_SELECTOR = YES;
				GCC_WARN_UNINITIALIZED_AUTOS = YES_AGGRESSIVE;
				GCC_WARN_UNUSED_FUNCTION = YES;
				GCC_WARN_UNUSED_VARIABLE = YES;
				IPHONEOS_DEPLOYMENT_TARGET = 9.0;
				MTL_ENABLE_DEBUG_INFO = YES;
				ONLY_ACTIVE_ARCH = YES;
				SDKROOT = iphoneos;
				SWIFT_OPTIMIZATION_LEVEL = "-Onone";
			};
			name = Debug;
		};
		A57EDFB41C60DCB500C03774 /* Release */ = {
			isa = XCBuildConfiguration;
			buildSettings = {
				ALWAYS_SEARCH_USER_PATHS = NO;
				CLANG_CXX_LANGUAGE_STANDARD = "gnu++0x";
				CLANG_CXX_LIBRARY = "libc++";
				CLANG_ENABLE_MODULES = YES;
				CLANG_ENABLE_OBJC_ARC = YES;
				CLANG_WARN_BOOL_CONVERSION = YES;
				CLANG_WARN_CONSTANT_CONVERSION = YES;
				CLANG_WARN_DIRECT_OBJC_ISA_USAGE = YES_ERROR;
				CLANG_WARN_EMPTY_BODY = YES;
				CLANG_WARN_ENUM_CONVERSION = YES;
				CLANG_WARN_INT_CONVERSION = YES;
				CLANG_WARN_OBJC_ROOT_CLASS = YES_ERROR;
				CLANG_WARN_UNREACHABLE_CODE = YES;
				CLANG_WARN__DUPLICATE_METHOD_MATCH = YES;
				"CODE_SIGN_IDENTITY[sdk=iphoneos*]" = "iPhone Developer";
				COPY_PHASE_STRIP = NO;
				DEBUG_INFORMATION_FORMAT = "dwarf-with-dsym";
				ENABLE_NS_ASSERTIONS = NO;
				ENABLE_STRICT_OBJC_MSGSEND = YES;
				GCC_C_LANGUAGE_STANDARD = gnu99;
				GCC_NO_COMMON_BLOCKS = YES;
				GCC_WARN_64_TO_32_BIT_CONVERSION = YES;
				GCC_WARN_ABOUT_RETURN_TYPE = YES_ERROR;
				GCC_WARN_UNDECLARED_SELECTOR = YES;
				GCC_WARN_UNINITIALIZED_AUTOS = YES_AGGRESSIVE;
				GCC_WARN_UNUSED_FUNCTION = YES;
				GCC_WARN_UNUSED_VARIABLE = YES;
				IPHONEOS_DEPLOYMENT_TARGET = 9.0;
				MTL_ENABLE_DEBUG_INFO = NO;
				SDKROOT = iphoneos;
				VALIDATE_PRODUCT = YES;
			};
			name = Release;
		};
		A57EDFB61C60DCB500C03774 /* Debug */ = {
			isa = XCBuildConfiguration;
			buildSettings = {
				ASSETCATALOG_COMPILER_APPICON_NAME = AppIcon;
				INFOPLIST_FILE = Celebrity/Info.plist;
				LD_RUNPATH_SEARCH_PATHS = "$(inherited) @executable_path/Frameworks";
				PRODUCT_BUNDLE_IDENTIFIER = com.winnab.Celebrity;
				PRODUCT_NAME = "$(TARGET_NAME)";
			};
			name = Debug;
		};
		A57EDFB71C60DCB500C03774 /* Release */ = {
			isa = XCBuildConfiguration;
			buildSettings = {
				ASSETCATALOG_COMPILER_APPICON_NAME = AppIcon;
				INFOPLIST_FILE = Celebrity/Info.plist;
				LD_RUNPATH_SEARCH_PATHS = "$(inherited) @executable_path/Frameworks";
				PRODUCT_BUNDLE_IDENTIFIER = com.winnab.Celebrity;
				PRODUCT_NAME = "$(TARGET_NAME)";
			};
			name = Release;
		};
		A57EDFB91C60DCB500C03774 /* Debug */ = {
			isa = XCBuildConfiguration;
			buildSettings = {
				BUNDLE_LOADER = "$(TEST_HOST)";
				INFOPLIST_FILE = CelebrityTests/Info.plist;
				LD_RUNPATH_SEARCH_PATHS = "$(inherited) @executable_path/Frameworks @loader_path/Frameworks";
				PRODUCT_BUNDLE_IDENTIFIER = com.winnab.CelebrityTests;
				PRODUCT_NAME = "$(TARGET_NAME)";
				TEST_HOST = "$(BUILT_PRODUCTS_DIR)/Celebrity.app/Celebrity";
			};
			name = Debug;
		};
		A57EDFBA1C60DCB500C03774 /* Release */ = {
			isa = XCBuildConfiguration;
			buildSettings = {
				BUNDLE_LOADER = "$(TEST_HOST)";
				INFOPLIST_FILE = CelebrityTests/Info.plist;
				LD_RUNPATH_SEARCH_PATHS = "$(inherited) @executable_path/Frameworks @loader_path/Frameworks";
				PRODUCT_BUNDLE_IDENTIFIER = com.winnab.CelebrityTests;
				PRODUCT_NAME = "$(TARGET_NAME)";
				TEST_HOST = "$(BUILT_PRODUCTS_DIR)/Celebrity.app/Celebrity";
			};
			name = Release;
		};
		A57EDFBC1C60DCB500C03774 /* Debug */ = {
			isa = XCBuildConfiguration;
			buildSettings = {
				INFOPLIST_FILE = CelebrityUITests/Info.plist;
				LD_RUNPATH_SEARCH_PATHS = "$(inherited) @executable_path/Frameworks @loader_path/Frameworks";
				PRODUCT_BUNDLE_IDENTIFIER = com.winnab.CelebrityUITests;
				PRODUCT_NAME = "$(TARGET_NAME)";
				TEST_TARGET_NAME = Celebrity;
				USES_XCTRUNNER = YES;
			};
			name = Debug;
		};
		A57EDFBD1C60DCB500C03774 /* Release */ = {
			isa = XCBuildConfiguration;
			buildSettings = {
				INFOPLIST_FILE = CelebrityUITests/Info.plist;
				LD_RUNPATH_SEARCH_PATHS = "$(inherited) @executable_path/Frameworks @loader_path/Frameworks";
				PRODUCT_BUNDLE_IDENTIFIER = com.winnab.CelebrityUITests;
				PRODUCT_NAME = "$(TARGET_NAME)";
				TEST_TARGET_NAME = Celebrity;
				USES_XCTRUNNER = YES;
			};
			name = Release;
		};
/* End XCBuildConfiguration section */

/* Begin XCConfigurationList section */
		A57EDF881C60DCB500C03774 /* Build configuration list for PBXProject "Celebrity" */ = {
			isa = XCConfigurationList;
			buildConfigurations = (
				A57EDFB31C60DCB500C03774 /* Debug */,
				A57EDFB41C60DCB500C03774 /* Release */,
			);
			defaultConfigurationIsVisible = 0;
			defaultConfigurationName = Release;
		};
		A57EDFB51C60DCB500C03774 /* Build configuration list for PBXNativeTarget "Celebrity" */ = {
			isa = XCConfigurationList;
			buildConfigurations = (
				A57EDFB61C60DCB500C03774 /* Debug */,
				A57EDFB71C60DCB500C03774 /* Release */,
			);
			defaultConfigurationIsVisible = 0;
		};
		A57EDFB81C60DCB500C03774 /* Build configuration list for PBXNativeTarget "CelebrityTests" */ = {
			isa = XCConfigurationList;
			buildConfigurations = (
				A57EDFB91C60DCB500C03774 /* Debug */,
				A57EDFBA1C60DCB500C03774 /* Release */,
			);
			defaultConfigurationIsVisible = 0;
		};
		A57EDFBB1C60DCB500C03774 /* Build configuration list for PBXNativeTarget "CelebrityUITests" */ = {
			isa = XCConfigurationList;
			buildConfigurations = (
				A57EDFBC1C60DCB500C03774 /* Debug */,
				A57EDFBD1C60DCB500C03774 /* Release */,
			);
			defaultConfigurationIsVisible = 0;
		};
/* End XCConfigurationList section */
	};
	rootObject = A57EDF851C60DCB500C03774 /* Project object */;
}
